// !$*UTF8*$!
{
	archiveVersion = 1;
	classes = {
	};
	objectVersion = 45;
	objects = {

/* Begin PBXBuildFile section */
		1D3623260D0F684500981E51 /* iPhoneAppDelegate.m in Sources */ = {isa = PBXBuildFile; fileRef = 1D3623250D0F684500981E51 /* iPhoneAppDelegate.m */; };
		1D60589B0D05DD56006BFB54 /* main.m in Sources */ = {isa = PBXBuildFile; fileRef = 29B97316FDCFA39411CA2CEA /* main.m */; };
		1D60589F0D05DD5A006BFB54 /* Foundation.framework in Frameworks */ = {isa = PBXBuildFile; fileRef = 1D30AB110D05D00D00671497 /* Foundation.framework */; };
		1DF5F4E00D08C38300B7A737 /* UIKit.framework in Frameworks */ = {isa = PBXBuildFile; fileRef = 1DF5F4DF0D08C38300B7A737 /* UIKit.framework */; };
		2892E4100DC94CBA00A64D0F /* CoreGraphics.framework in Frameworks */ = {isa = PBXBuildFile; fileRef = 2892E40F0DC94CBA00A64D0F /* CoreGraphics.framework */; };
		2899E5600DE3E45000AC0155 /* RootViewController.xib in Resources */ = {isa = PBXBuildFile; fileRef = 2899E55F0DE3E45000AC0155 /* RootViewController.xib */; };
		28AD73600D9D9599002E5188 /* MainWindow.xib in Resources */ = {isa = PBXBuildFile; fileRef = 28AD735F0D9D9599002E5188 /* MainWindow.xib */; };
		28C286E10D94DF7D0034E888 /* ProjectViewController.m in Sources */ = {isa = PBXBuildFile; fileRef = 28C286E00D94DF7D0034E888 /* ProjectViewController.m */; };
		5C8418780F6F538200BBEACC /* Default.png in Resources */ = {isa = PBXBuildFile; fileRef = 5C8418720F6F538200BBEACC /* Default.png */; };
		5CADF4450F90F83A00690E94 /* marker.png in Resources */ = {isa = PBXBuildFile; fileRef = 5CADF4440F90F83A00690E94 /* marker.png */; };
		940875410F5C965C0037C286 /* Entitlements.plist in Resources */ = {isa = PBXBuildFile; fileRef = 940875400F5C965C0037C286 /* Entitlements.plist */; };
		942E23BD0F5E107000C87AC1 /* MapViewController.m in Sources */ = {isa = PBXBuildFile; fileRef = 942E23BC0F5E107000C87AC1 /* MapViewController.m */; };
		942E23BF0F5E109400C87AC1 /* MapView.xib in Resources */ = {isa = PBXBuildFile; fileRef = 942E23BE0F5E109400C87AC1 /* MapView.xib */; };
		943BD0AA0F76EB5000363DF2 /* CDataScanner.m in Sources */ = {isa = PBXBuildFile; fileRef = 943BD0990F76EB5000363DF2 /* CDataScanner.m */; };
		943BD0AB0F76EB5000363DF2 /* CDataScanner_Extensions.m in Sources */ = {isa = PBXBuildFile; fileRef = 943BD09C0F76EB5000363DF2 /* CDataScanner_Extensions.m */; };
		943BD0AC0F76EB5000363DF2 /* NSCharacterSet_Extensions.m in Sources */ = {isa = PBXBuildFile; fileRef = 943BD09E0F76EB5000363DF2 /* NSCharacterSet_Extensions.m */; };
		943BD0AD0F76EB5000363DF2 /* NSDictionary_JSONExtensions.m in Sources */ = {isa = PBXBuildFile; fileRef = 943BD0A00F76EB5000363DF2 /* NSDictionary_JSONExtensions.m */; };
		943BD0AE0F76EB5000363DF2 /* NSScanner_Extensions.m in Sources */ = {isa = PBXBuildFile; fileRef = 943BD0A20F76EB5000363DF2 /* NSScanner_Extensions.m */; };
		943BD0AF0F76EB5000363DF2 /* CJSONDeserializer.m in Sources */ = {isa = PBXBuildFile; fileRef = 943BD0A50F76EB5000363DF2 /* CJSONDeserializer.m */; };
		943BD0B00F76EB5000363DF2 /* CJSONScanner.m in Sources */ = {isa = PBXBuildFile; fileRef = 943BD0A70F76EB5000363DF2 /* CJSONScanner.m */; };
		943BD0B10F76EB5000363DF2 /* CJSONSerializer.m in Sources */ = {isa = PBXBuildFile; fileRef = 943BD0A90F76EB5000363DF2 /* CJSONSerializer.m */; };
		943BD0B50F76EB7900363DF2 /* GeoCoderClient.m in Sources */ = {isa = PBXBuildFile; fileRef = 943BD0B30F76EB7900363DF2 /* GeoCoderClient.m */; };
		943BD0C00F76EBC100363DF2 /* busy_background.png in Resources */ = {isa = PBXBuildFile; fileRef = 943BD0BA0F76EBC100363DF2 /* busy_background.png */; };
		943BD0C10F76EBC100363DF2 /* SplashLogoHand.png in Resources */ = {isa = PBXBuildFile; fileRef = 943BD0BB0F76EBC100363DF2 /* SplashLogoHand.png */; };
		943BD0C20F76EBC100363DF2 /* SplashLogoBackground.png in Resources */ = {isa = PBXBuildFile; fileRef = 943BD0BC0F76EBC100363DF2 /* SplashLogoBackground.png */; };
		943BD0C30F76EBC100363DF2 /* SplashLogo.png in Resources */ = {isa = PBXBuildFile; fileRef = 943BD0BD0F76EBC100363DF2 /* SplashLogo.png */; };
		943BD0C40F76EBC100363DF2 /* SplashBackground.png in Resources */ = {isa = PBXBuildFile; fileRef = 943BD0BE0F76EBC100363DF2 /* SplashBackground.png */; };
		943BD0C50F76EBC100363DF2 /* iPhoneSplashScreen.png in Resources */ = {isa = PBXBuildFile; fileRef = 943BD0BF0F76EBC100363DF2 /* iPhoneSplashScreen.png */; };
		9455C4440F5214FA00296B87 /* Contact.m in Sources */ = {isa = PBXBuildFile; fileRef = 9455C4430F5214FA00296B87 /* Contact.m */; };
		9455C44E0F52165100296B87 /* Source.m in Sources */ = {isa = PBXBuildFile; fileRef = 9455C44D0F52165100296B87 /* Source.m */; };
		9455C53E0F52270D00296B87 /* CoreLocation.framework in Frameworks */ = {isa = PBXBuildFile; fileRef = 9455C53D0F52270D00296B87 /* CoreLocation.framework */; };
		9455C6110F5258DE00296B87 /* DateUtilities.m in Sources */ = {isa = PBXBuildFile; fileRef = 9455C6100F5258DE00296B87 /* DateUtilities.m */; };
		9455CA060F537DA600296B87 /* EventTableCell.m in Sources */ = {isa = PBXBuildFile; fileRef = 9455CA050F537DA600296B87 /* EventTableCell.m */; };
		9455CA5B0F539EA800296B87 /* EventTableCell.xib in Resources */ = {isa = PBXBuildFile; fileRef = 9455CA5A0F539EA800296B87 /* EventTableCell.xib */; };
		9456EBBE0F8311D900653FEC /* Icon.png in Resources */ = {isa = PBXBuildFile; fileRef = 9456EBBD0F8311D900653FEC /* Icon.png */; };
		9465B4830F5A25FC00B0F926 /* EventDetailsHeaderCell.xib in Resources */ = {isa = PBXBuildFile; fileRef = 9465B4820F5A25FC00B0F926 /* EventDetailsHeaderCell.xib */; };
		9483D93D0F5A184B00406DB3 /* EventDetailsHeaderCell.m in Sources */ = {isa = PBXBuildFile; fileRef = 9483D93C0F5A184B00406DB3 /* EventDetailsHeaderCell.m */; };
		94A97B7F0F43890C0077E4E0 /* Data Model Plan in Resources */ = {isa = PBXBuildFile; fileRef = 94A97B7E0F43890C0077E4E0 /* Data Model Plan */; };
		94A97BB80F4521D80077E4E0 /* RestClient.m in Sources */ = {isa = PBXBuildFile; fileRef = 94A97BB70F4521D80077E4E0 /* RestClient.m */; };
		94A97D3B0F452D610077E4E0 /* libxml2.dylib in Frameworks */ = {isa = PBXBuildFile; fileRef = 94A97D3A0F452D610077E4E0 /* libxml2.dylib */; };
		94A97E300F48A37C0077E4E0 /* RestController.m in Sources */ = {isa = PBXBuildFile; fileRef = 94A97E2F0F48A37C0077E4E0 /* RestController.m */; };
		94A97F250F48BD670077E4E0 /* EventsSortedByTimeDataSource.m in Sources */ = {isa = PBXBuildFile; fileRef = 94A97F240F48BD670077E4E0 /* EventsSortedByTimeDataSource.m */; };
		94AE8B590F859F8C006AD78D /* UpcomingIcon.png in Resources */ = {isa = PBXBuildFile; fileRef = 94AE8B560F859F8C006AD78D /* UpcomingIcon.png */; };
		94AE8B5A0F859F8C006AD78D /* SettingsIcon.png in Resources */ = {isa = PBXBuildFile; fileRef = 94AE8B570F859F8C006AD78D /* SettingsIcon.png */; };
		94AE8B5B0F859F8C006AD78D /* MyEventsIcon.png in Resources */ = {isa = PBXBuildFile; fileRef = 94AE8B580F859F8C006AD78D /* MyEventsIcon.png */; };
		94BACFA60F5BBD5C00FDACED /* AttributeCell.m in Sources */ = {isa = PBXBuildFile; fileRef = 94BACFA50F5BBD5C00FDACED /* AttributeCell.m */; };
		94BACFB60F5BBFF700FDACED /* ColorCache.m in Sources */ = {isa = PBXBuildFile; fileRef = 94BACFB50F5BBFF700FDACED /* ColorCache.m */; };
		94BE56EB0F42954900A505F0 /* Event.m in Sources */ = {isa = PBXBuildFile; fileRef = 94BE56EA0F42954900A505F0 /* Event.m */; };
		94BE57100F4297F000A505F0 /* InterestArea.m in Sources */ = {isa = PBXBuildFile; fileRef = 94BE570F0F4297F000A505F0 /* InterestArea.m */; };
		94BE57130F42988B00A505F0 /* Location.m in Sources */ = {isa = PBXBuildFile; fileRef = 94BE57120F42988B00A505F0 /* Location.m */; };
		94BE57160F42992200A505F0 /* Organization.m in Sources */ = {isa = PBXBuildFile; fileRef = 94BE57150F42992200A505F0 /* Organization.m */; };
		94BE571C0F42A03900A505F0 /* OrganizationTypes.m in Sources */ = {isa = PBXBuildFile; fileRef = 94BE571B0F42A03900A505F0 /* OrganizationTypes.m */; };
		94BE574C0F42A42D00A505F0 /* iVolunteerData.m in Sources */ = {isa = PBXBuildFile; fileRef = 94BE574B0F42A42D00A505F0 /* iVolunteerData.m */; };
		94C3AE830F91452D00153859 /* MapWebView.m in Sources */ = {isa = PBXBuildFile; fileRef = 94C3AE7E0F91452D00153859 /* MapWebView.m */; };
		94C3AE840F91452D00153859 /* MapView.m in Sources */ = {isa = PBXBuildFile; fileRef = 94C3AE810F91452D00153859 /* MapView.m */; };
		94C3AE870F91455000153859 /* MemoryTabViewController.m in Sources */ = {isa = PBXBuildFile; fileRef = 94C3AE850F91455000153859 /* MemoryTabViewController.m */; };
		94CC40F80F9EB85900EFFEF1 /* RegisterConfirmationViewController.m in Sources */ = {isa = PBXBuildFile; fileRef = 94CC40F70F9EB85900EFFEF1 /* RegisterConfirmationViewController.m */; };
		94CC41050F9EBD7900EFFEF1 /* RegisterConfirmationView.xib in Resources */ = {isa = PBXBuildFile; fileRef = 94CC41040F9EBD7900EFFEF1 /* RegisterConfirmationView.xib */; };
		94CC410E0F9EC0B900EFFEF1 /* ActionSheetShine.png in Resources */ = {isa = PBXBuildFile; fileRef = 94CC410D0F9EC0B900EFFEF1 /* ActionSheetShine.png */; };
		94DFFC140F579B27005D62B9 /* ModelBase.m in Sources */ = {isa = PBXBuildFile; fileRef = 94DFFC130F579B27005D62B9 /* ModelBase.m */; };
		94DFFFA70F5A0ABF005D62B9 /* ActionsView.m in Sources */ = {isa = PBXBuildFile; fileRef = 94DFFFA60F5A0ABF005D62B9 /* ActionsView.m */; };
		94ED9C2A0F5BAFC600F2697F /* EventDetailsTableViewController.m in Sources */ = {isa = PBXBuildFile; fileRef = 94ED9C290F5BAFC600F2697F /* EventDetailsTableViewController.m */; };
		94F2B8570F943622004C7ECB /* SettingsViewController.m in Sources */ = {isa = PBXBuildFile; fileRef = 94F2B8560F943622004C7ECB /* SettingsViewController.m */; };
		94F862950F5CCD0000986078 /* blueButton.png in Resources */ = {isa = PBXBuildFile; fileRef = 94F862920F5CCD0000986078 /* blueButton.png */; };
		94F862970F5CCD0000986078 /* whiteButton.png in Resources */ = {isa = PBXBuildFile; fileRef = 94F862940F5CCD0000986078 /* whiteButton.png */; };
		94F8629F0F5CCD8B00986078 /* greenButton.png in Resources */ = {isa = PBXBuildFile; fileRef = 94F8629E0F5CCD8B00986078 /* greenButton.png */; };
		E1DDD40F0EAAD73F006CA155 /* SplashViewController.m in Sources */ = {isa = PBXBuildFile; fileRef = E1DDD40E0EAAD73F006CA155 /* SplashViewController.m */; };
		E1DDD4110EAAD74E006CA155 /* SplashView.xib in Sources */ = {isa = PBXBuildFile; fileRef = E1DDD4100EAAD74E006CA155 /* SplashView.xib */; };
/* End PBXBuildFile section */

/* Begin PBXFileReference section */
		1D30AB110D05D00D00671497 /* Foundation.framework */ = {isa = PBXFileReference; lastKnownFileType = wrapper.framework; name = Foundation.framework; path = System/Library/Frameworks/Foundation.framework; sourceTree = SDKROOT; };
		1D3623240D0F684500981E51 /* iPhoneAppDelegate.h */ = {isa = PBXFileReference; fileEncoding = 4; lastKnownFileType = sourcecode.c.h; path = iPhoneAppDelegate.h; sourceTree = "<group>"; };
		1D3623250D0F684500981E51 /* iPhoneAppDelegate.m */ = {isa = PBXFileReference; fileEncoding = 4; lastKnownFileType = sourcecode.c.objc; path = iPhoneAppDelegate.m; sourceTree = "<group>"; };
		1D6058910D05DD3D006BFB54 /* iVolunteer.app */ = {isa = PBXFileReference; explicitFileType = wrapper.application; includeInIndex = 0; path = iVolunteer.app; sourceTree = BUILT_PRODUCTS_DIR; };
		1DF5F4DF0D08C38300B7A737 /* UIKit.framework */ = {isa = PBXFileReference; lastKnownFileType = wrapper.framework; name = UIKit.framework; path = System/Library/Frameworks/UIKit.framework; sourceTree = SDKROOT; };
		2892E40F0DC94CBA00A64D0F /* CoreGraphics.framework */ = {isa = PBXFileReference; lastKnownFileType = wrapper.framework; name = CoreGraphics.framework; path = System/Library/Frameworks/CoreGraphics.framework; sourceTree = SDKROOT; };
		2899E55F0DE3E45000AC0155 /* RootViewController.xib */ = {isa = PBXFileReference; lastKnownFileType = file.xib; path = RootViewController.xib; sourceTree = "<group>"; };
		28A0AAE50D9B0CCF005BE974 /* iPhone_Prefix.pch */ = {isa = PBXFileReference; fileEncoding = 4; lastKnownFileType = sourcecode.c.h; path = iPhone_Prefix.pch; sourceTree = "<group>"; };
		28AD735F0D9D9599002E5188 /* MainWindow.xib */ = {isa = PBXFileReference; lastKnownFileType = file.xib; path = MainWindow.xib; sourceTree = "<group>"; };
		28C286DF0D94DF7D0034E888 /* ProjectViewController.h */ = {isa = PBXFileReference; fileEncoding = 4; lastKnownFileType = sourcecode.c.h; path = ProjectViewController.h; sourceTree = "<group>"; };
		28C286E00D94DF7D0034E888 /* ProjectViewController.m */ = {isa = PBXFileReference; fileEncoding = 4; lastKnownFileType = sourcecode.c.objc; path = ProjectViewController.m; sourceTree = "<group>"; };
		29B97316FDCFA39411CA2CEA /* main.m */ = {isa = PBXFileReference; fileEncoding = 4; lastKnownFileType = sourcecode.c.objc; path = main.m; sourceTree = "<group>"; };
		5C8418720F6F538200BBEACC /* Default.png */ = {isa = PBXFileReference; lastKnownFileType = image.png; path = Default.png; sourceTree = "<group>"; };
		5CA641F70F6C638D00B181AF /* LocationAvailabilityDelegate.h */ = {isa = PBXFileReference; fileEncoding = 4; lastKnownFileType = sourcecode.c.h; path = LocationAvailabilityDelegate.h; sourceTree = "<group>"; };
		5CA641F80F6C639B00B181AF /* BusyIndicatorDelegate.h */ = {isa = PBXFileReference; fileEncoding = 4; lastKnownFileType = sourcecode.c.h; path = BusyIndicatorDelegate.h; sourceTree = "<group>"; };
		5CA6420E0F6C674A00B181AF /* ScreenDismissalDelegate.h */ = {isa = PBXFileReference; fileEncoding = 4; lastKnownFileType = sourcecode.c.h; path = ScreenDismissalDelegate.h; sourceTree = "<group>"; };
		5CADF4440F90F83A00690E94 /* marker.png */ = {isa = PBXFileReference; lastKnownFileType = image.png; path = marker.png; sourceTree = "<group>"; };
		8D1107310486CEB800E47090 /* Info.plist */ = {isa = PBXFileReference; fileEncoding = 4; lastKnownFileType = text.plist.xml; path = Info.plist; sourceTree = "<group>"; };
		940875400F5C965C0037C286 /* Entitlements.plist */ = {isa = PBXFileReference; fileEncoding = 4; lastKnownFileType = text.plist.xml; path = Entitlements.plist; sourceTree = "<group>"; };
		942E23BB0F5E107000C87AC1 /* MapViewController.h */ = {isa = PBXFileReference; fileEncoding = 4; lastKnownFileType = sourcecode.c.h; path = MapViewController.h; sourceTree = "<group>"; };
		942E23BC0F5E107000C87AC1 /* MapViewController.m */ = {isa = PBXFileReference; fileEncoding = 4; lastKnownFileType = sourcecode.c.objc; path = MapViewController.m; sourceTree = "<group>"; };
		942E23BE0F5E109400C87AC1 /* MapView.xib */ = {isa = PBXFileReference; lastKnownFileType = file.xib; path = MapView.xib; sourceTree = "<group>"; };
		943BD0980F76EB5000363DF2 /* CDataScanner.h */ = {isa = PBXFileReference; fileEncoding = 4; lastKnownFileType = sourcecode.c.h; path = CDataScanner.h; sourceTree = "<group>"; };
		943BD0990F76EB5000363DF2 /* CDataScanner.m */ = {isa = PBXFileReference; fileEncoding = 4; lastKnownFileType = sourcecode.c.objc; path = CDataScanner.m; sourceTree = "<group>"; };
		943BD09B0F76EB5000363DF2 /* CDataScanner_Extensions.h */ = {isa = PBXFileReference; fileEncoding = 4; lastKnownFileType = sourcecode.c.h; path = CDataScanner_Extensions.h; sourceTree = "<group>"; };
		943BD09C0F76EB5000363DF2 /* CDataScanner_Extensions.m */ = {isa = PBXFileReference; fileEncoding = 4; lastKnownFileType = sourcecode.c.objc; path = CDataScanner_Extensions.m; sourceTree = "<group>"; };
		943BD09D0F76EB5000363DF2 /* NSCharacterSet_Extensions.h */ = {isa = PBXFileReference; fileEncoding = 4; lastKnownFileType = sourcecode.c.h; path = NSCharacterSet_Extensions.h; sourceTree = "<group>"; };
		943BD09E0F76EB5000363DF2 /* NSCharacterSet_Extensions.m */ = {isa = PBXFileReference; fileEncoding = 4; lastKnownFileType = sourcecode.c.objc; path = NSCharacterSet_Extensions.m; sourceTree = "<group>"; };
		943BD09F0F76EB5000363DF2 /* NSDictionary_JSONExtensions.h */ = {isa = PBXFileReference; fileEncoding = 4; lastKnownFileType = sourcecode.c.h; path = NSDictionary_JSONExtensions.h; sourceTree = "<group>"; };
		943BD0A00F76EB5000363DF2 /* NSDictionary_JSONExtensions.m */ = {isa = PBXFileReference; fileEncoding = 4; lastKnownFileType = sourcecode.c.objc; path = NSDictionary_JSONExtensions.m; sourceTree = "<group>"; };
		943BD0A10F76EB5000363DF2 /* NSScanner_Extensions.h */ = {isa = PBXFileReference; fileEncoding = 4; lastKnownFileType = sourcecode.c.h; path = NSScanner_Extensions.h; sourceTree = "<group>"; };
		943BD0A20F76EB5000363DF2 /* NSScanner_Extensions.m */ = {isa = PBXFileReference; fileEncoding = 4; lastKnownFileType = sourcecode.c.objc; path = NSScanner_Extensions.m; sourceTree = "<group>"; };
		943BD0A40F76EB5000363DF2 /* CJSONDeserializer.h */ = {isa = PBXFileReference; fileEncoding = 4; lastKnownFileType = sourcecode.c.h; path = CJSONDeserializer.h; sourceTree = "<group>"; };
		943BD0A50F76EB5000363DF2 /* CJSONDeserializer.m */ = {isa = PBXFileReference; fileEncoding = 4; lastKnownFileType = sourcecode.c.objc; path = CJSONDeserializer.m; sourceTree = "<group>"; };
		943BD0A60F76EB5000363DF2 /* CJSONScanner.h */ = {isa = PBXFileReference; fileEncoding = 4; lastKnownFileType = sourcecode.c.h; path = CJSONScanner.h; sourceTree = "<group>"; };
		943BD0A70F76EB5000363DF2 /* CJSONScanner.m */ = {isa = PBXFileReference; fileEncoding = 4; lastKnownFileType = sourcecode.c.objc; path = CJSONScanner.m; sourceTree = "<group>"; };
		943BD0A80F76EB5000363DF2 /* CJSONSerializer.h */ = {isa = PBXFileReference; fileEncoding = 4; lastKnownFileType = sourcecode.c.h; path = CJSONSerializer.h; sourceTree = "<group>"; };
		943BD0A90F76EB5000363DF2 /* CJSONSerializer.m */ = {isa = PBXFileReference; fileEncoding = 4; lastKnownFileType = sourcecode.c.objc; path = CJSONSerializer.m; sourceTree = "<group>"; };
		943BD0B20F76EB7900363DF2 /* GeoCoderConstants.h */ = {isa = PBXFileReference; fileEncoding = 4; lastKnownFileType = sourcecode.c.h; path = GeoCoderConstants.h; sourceTree = "<group>"; };
		943BD0B30F76EB7900363DF2 /* GeoCoderClient.m */ = {isa = PBXFileReference; fileEncoding = 4; lastKnownFileType = sourcecode.c.objc; path = GeoCoderClient.m; sourceTree = "<group>"; };
		943BD0B40F76EB7900363DF2 /* GeoCoderClient.h */ = {isa = PBXFileReference; fileEncoding = 4; lastKnownFileType = sourcecode.c.h; path = GeoCoderClient.h; sourceTree = "<group>"; };
		943BD0BA0F76EBC100363DF2 /* busy_background.png */ = {isa = PBXFileReference; lastKnownFileType = image.png; path = busy_background.png; sourceTree = "<group>"; };
		943BD0BB0F76EBC100363DF2 /* SplashLogoHand.png */ = {isa = PBXFileReference; lastKnownFileType = image.png; path = SplashLogoHand.png; sourceTree = "<group>"; };
		943BD0BC0F76EBC100363DF2 /* SplashLogoBackground.png */ = {isa = PBXFileReference; lastKnownFileType = image.png; path = SplashLogoBackground.png; sourceTree = "<group>"; };
		943BD0BD0F76EBC100363DF2 /* SplashLogo.png */ = {isa = PBXFileReference; lastKnownFileType = image.png; path = SplashLogo.png; sourceTree = "<group>"; };
		943BD0BE0F76EBC100363DF2 /* SplashBackground.png */ = {isa = PBXFileReference; lastKnownFileType = image.png; path = SplashBackground.png; sourceTree = "<group>"; };
		943BD0BF0F76EBC100363DF2 /* iPhoneSplashScreen.png */ = {isa = PBXFileReference; lastKnownFileType = image.png; path = iPhoneSplashScreen.png; sourceTree = "<group>"; };
		9455C4420F5214FA00296B87 /* Contact.h */ = {isa = PBXFileReference; fileEncoding = 4; lastKnownFileType = sourcecode.c.h; path = Contact.h; sourceTree = "<group>"; };
		9455C4430F5214FA00296B87 /* Contact.m */ = {isa = PBXFileReference; fileEncoding = 4; lastKnownFileType = sourcecode.c.objc; path = Contact.m; sourceTree = "<group>"; };
		9455C44C0F52165100296B87 /* Source.h */ = {isa = PBXFileReference; fileEncoding = 4; lastKnownFileType = sourcecode.c.h; path = Source.h; sourceTree = "<group>"; };
		9455C44D0F52165100296B87 /* Source.m */ = {isa = PBXFileReference; fileEncoding = 4; lastKnownFileType = sourcecode.c.objc; path = Source.m; sourceTree = "<group>"; };
		9455C53D0F52270D00296B87 /* CoreLocation.framework */ = {isa = PBXFileReference; lastKnownFileType = wrapper.framework; name = CoreLocation.framework; path = System/Library/Frameworks/CoreLocation.framework; sourceTree = SDKROOT; };
		9455C60F0F5258DE00296B87 /* DateUtilities.h */ = {isa = PBXFileReference; fileEncoding = 4; lastKnownFileType = sourcecode.c.h; path = DateUtilities.h; sourceTree = "<group>"; };
		9455C6100F5258DE00296B87 /* DateUtilities.m */ = {isa = PBXFileReference; fileEncoding = 4; lastKnownFileType = sourcecode.c.objc; path = DateUtilities.m; sourceTree = "<group>"; };
		9455CA040F537DA600296B87 /* EventTableCell.h */ = {isa = PBXFileReference; fileEncoding = 4; lastKnownFileType = sourcecode.c.h; path = EventTableCell.h; sourceTree = "<group>"; };
		9455CA050F537DA600296B87 /* EventTableCell.m */ = {isa = PBXFileReference; fileEncoding = 4; lastKnownFileType = sourcecode.c.objc; path = EventTableCell.m; sourceTree = "<group>"; };
		9455CA5A0F539EA800296B87 /* EventTableCell.xib */ = {isa = PBXFileReference; lastKnownFileType = file.xib; path = EventTableCell.xib; sourceTree = "<group>"; };
		9456EBBD0F8311D900653FEC /* Icon.png */ = {isa = PBXFileReference; lastKnownFileType = image.png; path = Icon.png; sourceTree = "<group>"; };
		9465B4820F5A25FC00B0F926 /* EventDetailsHeaderCell.xib */ = {isa = PBXFileReference; lastKnownFileType = file.xib; path = EventDetailsHeaderCell.xib; sourceTree = "<group>"; };
		9483D93B0F5A184B00406DB3 /* EventDetailsHeaderCell.h */ = {isa = PBXFileReference; fileEncoding = 4; lastKnownFileType = sourcecode.c.h; path = EventDetailsHeaderCell.h; sourceTree = "<group>"; };
		9483D93C0F5A184B00406DB3 /* EventDetailsHeaderCell.m */ = {isa = PBXFileReference; fileEncoding = 4; lastKnownFileType = sourcecode.c.objc; path = EventDetailsHeaderCell.m; sourceTree = "<group>"; };
		94A97B7E0F43890C0077E4E0 /* Data Model Plan */ = {isa = PBXFileReference; fileEncoding = 4; lastKnownFileType = text; path = "Data Model Plan"; sourceTree = "<group>"; };
		94A97BB60F4521D80077E4E0 /* RestClient.h */ = {isa = PBXFileReference; fileEncoding = 4; lastKnownFileType = sourcecode.c.h; path = RestClient.h; sourceTree = "<group>"; };
		94A97BB70F4521D80077E4E0 /* RestClient.m */ = {isa = PBXFileReference; fileEncoding = 4; lastKnownFileType = sourcecode.c.objc; path = RestClient.m; sourceTree = "<group>"; };
		94A97C500F4526020077E4E0 /* RestClientDelegate.h */ = {isa = PBXFileReference; fileEncoding = 4; lastKnownFileType = sourcecode.c.h; path = RestClientDelegate.h; sourceTree = "<group>"; };
		94A97D3A0F452D610077E4E0 /* libxml2.dylib */ = {isa = PBXFileReference; lastKnownFileType = "compiled.mach-o.dylib"; name = libxml2.dylib; path = usr/lib/libxml2.dylib; sourceTree = SDKROOT; };
		94A97E2E0F48A37C0077E4E0 /* RestController.h */ = {isa = PBXFileReference; fileEncoding = 4; lastKnownFileType = sourcecode.c.h; path = RestController.h; sourceTree = "<group>"; };
		94A97E2F0F48A37C0077E4E0 /* RestController.m */ = {isa = PBXFileReference; fileEncoding = 4; lastKnownFileType = sourcecode.c.objc; path = RestController.m; sourceTree = "<group>"; };
		94A97F1A0F48BBB20077E4E0 /* RootViewDataSourceProtocol.h */ = {isa = PBXFileReference; fileEncoding = 4; lastKnownFileType = sourcecode.c.h; path = RootViewDataSourceProtocol.h; sourceTree = "<group>"; };
		94A97F230F48BD670077E4E0 /* EventsSortedByTimeDataSource.h */ = {isa = PBXFileReference; fileEncoding = 4; lastKnownFileType = sourcecode.c.h; path = EventsSortedByTimeDataSource.h; sourceTree = "<group>"; };
		94A97F240F48BD670077E4E0 /* EventsSortedByTimeDataSource.m */ = {isa = PBXFileReference; fileEncoding = 4; lastKnownFileType = sourcecode.c.objc; path = EventsSortedByTimeDataSource.m; sourceTree = "<group>"; };
		94AE8B560F859F8C006AD78D /* UpcomingIcon.png */ = {isa = PBXFileReference; lastKnownFileType = image.png; path = UpcomingIcon.png; sourceTree = "<group>"; };
		94AE8B570F859F8C006AD78D /* SettingsIcon.png */ = {isa = PBXFileReference; lastKnownFileType = image.png; path = SettingsIcon.png; sourceTree = "<group>"; };
		94AE8B580F859F8C006AD78D /* MyEventsIcon.png */ = {isa = PBXFileReference; lastKnownFileType = image.png; path = MyEventsIcon.png; sourceTree = "<group>"; };
		94BACFA40F5BBD5C00FDACED /* AttributeCell.h */ = {isa = PBXFileReference; fileEncoding = 4; lastKnownFileType = sourcecode.c.h; path = AttributeCell.h; sourceTree = "<group>"; };
		94BACFA50F5BBD5C00FDACED /* AttributeCell.m */ = {isa = PBXFileReference; fileEncoding = 4; lastKnownFileType = sourcecode.c.objc; path = AttributeCell.m; sourceTree = "<group>"; };
		94BACFB40F5BBFF700FDACED /* ColorCache.h */ = {isa = PBXFileReference; fileEncoding = 4; lastKnownFileType = sourcecode.c.h; path = ColorCache.h; sourceTree = "<group>"; };
		94BACFB50F5BBFF700FDACED /* ColorCache.m */ = {isa = PBXFileReference; fileEncoding = 4; lastKnownFileType = sourcecode.c.objc; path = ColorCache.m; sourceTree = "<group>"; };
		94BE56E90F42954900A505F0 /* Event.h */ = {isa = PBXFileReference; fileEncoding = 4; lastKnownFileType = sourcecode.c.h; path = Event.h; sourceTree = "<group>"; };
		94BE56EA0F42954900A505F0 /* Event.m */ = {isa = PBXFileReference; fileEncoding = 4; lastKnownFileType = sourcecode.c.objc; path = Event.m; sourceTree = "<group>"; };
		94BE570E0F4297F000A505F0 /* InterestArea.h */ = {isa = PBXFileReference; fileEncoding = 4; lastKnownFileType = sourcecode.c.h; path = InterestArea.h; sourceTree = "<group>"; };
		94BE570F0F4297F000A505F0 /* InterestArea.m */ = {isa = PBXFileReference; fileEncoding = 4; lastKnownFileType = sourcecode.c.objc; path = InterestArea.m; sourceTree = "<group>"; };
		94BE57110F42988B00A505F0 /* Location.h */ = {isa = PBXFileReference; fileEncoding = 4; lastKnownFileType = sourcecode.c.h; path = Location.h; sourceTree = "<group>"; };
		94BE57120F42988B00A505F0 /* Location.m */ = {isa = PBXFileReference; fileEncoding = 4; lastKnownFileType = sourcecode.c.objc; path = Location.m; sourceTree = "<group>"; };
		94BE57140F42992200A505F0 /* Organization.h */ = {isa = PBXFileReference; fileEncoding = 4; lastKnownFileType = sourcecode.c.h; path = Organization.h; sourceTree = "<group>"; };
		94BE57150F42992200A505F0 /* Organization.m */ = {isa = PBXFileReference; fileEncoding = 4; lastKnownFileType = sourcecode.c.objc; path = Organization.m; sourceTree = "<group>"; };
		94BE571A0F42A03900A505F0 /* OrganizationTypes.h */ = {isa = PBXFileReference; fileEncoding = 4; lastKnownFileType = sourcecode.c.h; path = OrganizationTypes.h; sourceTree = "<group>"; };
		94BE571B0F42A03900A505F0 /* OrganizationTypes.m */ = {isa = PBXFileReference; fileEncoding = 4; lastKnownFileType = sourcecode.c.objc; path = OrganizationTypes.m; sourceTree = "<group>"; };
		94BE574A0F42A42D00A505F0 /* iVolunteerData.h */ = {isa = PBXFileReference; fileEncoding = 4; lastKnownFileType = sourcecode.c.h; path = iVolunteerData.h; sourceTree = "<group>"; };
		94BE574B0F42A42D00A505F0 /* iVolunteerData.m */ = {isa = PBXFileReference; fileEncoding = 4; lastKnownFileType = sourcecode.c.objc; path = iVolunteerData.m; sourceTree = "<group>"; };
		94C3AE7E0F91452D00153859 /* MapWebView.m */ = {isa = PBXFileReference; fileEncoding = 4; lastKnownFileType = sourcecode.c.objc; path = MapWebView.m; sourceTree = "<group>"; };
		94C3AE7F0F91452D00153859 /* MapWebView.h */ = {isa = PBXFileReference; fileEncoding = 4; lastKnownFileType = sourcecode.c.h; path = MapWebView.h; sourceTree = "<group>"; };
		94C3AE800F91452D00153859 /* MapViewConstants.h */ = {isa = PBXFileReference; fileEncoding = 4; lastKnownFileType = sourcecode.c.h; path = MapViewConstants.h; sourceTree = "<group>"; };
		94C3AE810F91452D00153859 /* MapView.m */ = {isa = PBXFileReference; fileEncoding = 4; lastKnownFileType = sourcecode.c.objc; path = MapView.m; sourceTree = "<group>"; };
		94C3AE820F91452D00153859 /* MapView.h */ = {isa = PBXFileReference; fileEncoding = 4; lastKnownFileType = sourcecode.c.h; path = MapView.h; sourceTree = "<group>"; };
		94C3AE850F91455000153859 /* MemoryTabViewController.m */ = {isa = PBXFileReference; fileEncoding = 4; lastKnownFileType = sourcecode.c.objc; path = MemoryTabViewController.m; sourceTree = "<group>"; };
		94C3AE860F91455000153859 /* MemoryTabViewController.h */ = {isa = PBXFileReference; fileEncoding = 4; lastKnownFileType = sourcecode.c.h; path = MemoryTabViewController.h; sourceTree = "<group>"; };
		94CC40F60F9EB85900EFFEF1 /* RegisterConfirmationViewController.h */ = {isa = PBXFileReference; fileEncoding = 4; lastKnownFileType = sourcecode.c.h; path = RegisterConfirmationViewController.h; sourceTree = "<group>"; };
		94CC40F70F9EB85900EFFEF1 /* RegisterConfirmationViewController.m */ = {isa = PBXFileReference; fileEncoding = 4; lastKnownFileType = sourcecode.c.objc; path = RegisterConfirmationViewController.m; sourceTree = "<group>"; };
		94CC41040F9EBD7900EFFEF1 /* RegisterConfirmationView.xib */ = {isa = PBXFileReference; lastKnownFileType = file.xib; path = RegisterConfirmationView.xib; sourceTree = "<group>"; };
		94CC410D0F9EC0B900EFFEF1 /* ActionSheetShine.png */ = {isa = PBXFileReference; lastKnownFileType = image.png; path = ActionSheetShine.png; sourceTree = "<group>"; };
		94DFFC120F579B27005D62B9 /* ModelBase.h */ = {isa = PBXFileReference; fileEncoding = 4; lastKnownFileType = sourcecode.c.h; path = ModelBase.h; sourceTree = "<group>"; };
		94DFFC130F579B27005D62B9 /* ModelBase.m */ = {isa = PBXFileReference; fileEncoding = 4; lastKnownFileType = sourcecode.c.objc; path = ModelBase.m; sourceTree = "<group>"; };
		94DFFFA50F5A0AB6005D62B9 /* ActionsView.h */ = {isa = PBXFileReference; fileEncoding = 4; lastKnownFileType = sourcecode.c.h; path = ActionsView.h; sourceTree = "<group>"; };
		94DFFFA60F5A0ABF005D62B9 /* ActionsView.m */ = {isa = PBXFileReference; fileEncoding = 4; lastKnownFileType = sourcecode.c.objc; path = ActionsView.m; sourceTree = "<group>"; };
		94ED9C280F5BAFC600F2697F /* EventDetailsTableViewController.h */ = {isa = PBXFileReference; fileEncoding = 4; lastKnownFileType = sourcecode.c.h; path = EventDetailsTableViewController.h; sourceTree = "<group>"; };
		94ED9C290F5BAFC600F2697F /* EventDetailsTableViewController.m */ = {isa = PBXFileReference; fileEncoding = 4; lastKnownFileType = sourcecode.c.objc; path = EventDetailsTableViewController.m; sourceTree = "<group>"; };
		94F2B8550F943622004C7ECB /* SettingsViewController.h */ = {isa = PBXFileReference; fileEncoding = 4; lastKnownFileType = sourcecode.c.h; path = SettingsViewController.h; sourceTree = "<group>"; };
		94F2B8560F943622004C7ECB /* SettingsViewController.m */ = {isa = PBXFileReference; fileEncoding = 4; lastKnownFileType = sourcecode.c.objc; path = SettingsViewController.m; sourceTree = "<group>"; };
		94F862920F5CCD0000986078 /* blueButton.png */ = {isa = PBXFileReference; lastKnownFileType = image.png; path = blueButton.png; sourceTree = "<group>"; };
		94F862940F5CCD0000986078 /* whiteButton.png */ = {isa = PBXFileReference; lastKnownFileType = image.png; path = whiteButton.png; sourceTree = "<group>"; };
		94F8629E0F5CCD8B00986078 /* greenButton.png */ = {isa = PBXFileReference; lastKnownFileType = image.png; path = greenButton.png; sourceTree = "<group>"; };
		E1DDD40D0EAAD73F006CA155 /* SplashViewController.h */ = {isa = PBXFileReference; fileEncoding = 4; lastKnownFileType = sourcecode.c.h; path = SplashViewController.h; sourceTree = "<group>"; };
		E1DDD40E0EAAD73F006CA155 /* SplashViewController.m */ = {isa = PBXFileReference; fileEncoding = 4; lastKnownFileType = sourcecode.c.objc; path = SplashViewController.m; sourceTree = "<group>"; };
		E1DDD4100EAAD74E006CA155 /* SplashView.xib */ = {isa = PBXFileReference; explicitFileType = file.xib; fileEncoding = 4; path = SplashView.xib; sourceTree = "<group>"; };
/* End PBXFileReference section */

/* Begin PBXFrameworksBuildPhase section */
		1D60588F0D05DD3D006BFB54 /* Frameworks */ = {
			isa = PBXFrameworksBuildPhase;
			buildActionMask = 2147483647;
			files = (
				1D60589F0D05DD5A006BFB54 /* Foundation.framework in Frameworks */,
				1DF5F4E00D08C38300B7A737 /* UIKit.framework in Frameworks */,
				2892E4100DC94CBA00A64D0F /* CoreGraphics.framework in Frameworks */,
				94A97D3B0F452D610077E4E0 /* libxml2.dylib in Frameworks */,
				9455C53E0F52270D00296B87 /* CoreLocation.framework in Frameworks */,
			);
			runOnlyForDeploymentPostprocessing = 0;
		};
/* End PBXFrameworksBuildPhase section */

/* Begin PBXGroup section */
		080E96DDFE201D6D7F000001 /* Classes */ = {
			isa = PBXGroup;
			children = (
				5CADF43D0F90F7E100690E94 /* MapView */,
				943BD0B60F76EB7D00363DF2 /* GeoCoder */,
				943BD0970F76EB5000363DF2 /* TouchJSON */,
				9455CA030F537D8200296B87 /* UI Classes */,
				9455C60F0F5258DE00296B87 /* DateUtilities.h */,
				9455C6100F5258DE00296B87 /* DateUtilities.m */,
				94A97BB50F4521A80077E4E0 /* REST Interaction */,
				94BE574D0F42A4E000A505F0 /* Data Sources */,
				94BE56E80F4294E000A505F0 /* Data Model */,
				E1DDD40D0EAAD73F006CA155 /* SplashViewController.h */,
				E1DDD40E0EAAD73F006CA155 /* SplashViewController.m */,
				28C286DF0D94DF7D0034E888 /* ProjectViewController.h */,
				28C286E00D94DF7D0034E888 /* ProjectViewController.m */,
				1D3623240D0F684500981E51 /* iPhoneAppDelegate.h */,
				1D3623250D0F684500981E51 /* iPhoneAppDelegate.m */,
				5CA641F70F6C638D00B181AF /* LocationAvailabilityDelegate.h */,
				5CA641F80F6C639B00B181AF /* BusyIndicatorDelegate.h */,
				5CA6420E0F6C674A00B181AF /* ScreenDismissalDelegate.h */,
			);
			path = Classes;
			sourceTree = "<group>";
		};
		19C28FACFE9D520D11CA2CBB /* Products */ = {
			isa = PBXGroup;
			children = (
				1D6058910D05DD3D006BFB54 /* iVolunteer.app */,
			);
			name = Products;
			sourceTree = "<group>";
		};
		29B97314FDCFA39411CA2CEA /* CustomTemplate */ = {
			isa = PBXGroup;
			children = (
				080E96DDFE201D6D7F000001 /* Classes */,
				29B97315FDCFA39411CA2CEA /* Other Sources */,
				29B97317FDCFA39411CA2CEA /* Resources */,
				29B97323FDCFA39411CA2CEA /* Frameworks */,
				19C28FACFE9D520D11CA2CBB /* Products */,
				940875400F5C965C0037C286 /* Entitlements.plist */,
				94CC41040F9EBD7900EFFEF1 /* RegisterConfirmationView.xib */,
			);
			name = CustomTemplate;
			sourceTree = "<group>";
		};
		29B97315FDCFA39411CA2CEA /* Other Sources */ = {
			isa = PBXGroup;
			children = (
				28A0AAE50D9B0CCF005BE974 /* iPhone_Prefix.pch */,
				29B97316FDCFA39411CA2CEA /* main.m */,
			);
			name = "Other Sources";
			sourceTree = "<group>";
		};
		29B97317FDCFA39411CA2CEA /* Resources */ = {
			isa = PBXGroup;
			children = (
				94AE8B550F859F78006AD78D /* Tab Icons */,
				9456EBBD0F8311D900653FEC /* Icon.png */,
				5C8418720F6F538200BBEACC /* Default.png */,
				5CA642350F6C698600B181AF /* images */,
				94F862980F5CCD0C00986078 /* Button Images */,
				E1DDD4100EAAD74E006CA155 /* SplashView.xib */,
				2899E55F0DE3E45000AC0155 /* RootViewController.xib */,
				28AD735F0D9D9599002E5188 /* MainWindow.xib */,
				8D1107310486CEB800E47090 /* Info.plist */,
				9455CA5A0F539EA800296B87 /* EventTableCell.xib */,
				9465B4820F5A25FC00B0F926 /* EventDetailsHeaderCell.xib */,
				942E23BE0F5E109400C87AC1 /* MapView.xib */,
			);
			name = Resources;
			sourceTree = "<group>";
		};
		29B97323FDCFA39411CA2CEA /* Frameworks */ = {
			isa = PBXGroup;
			children = (
				9455C53D0F52270D00296B87 /* CoreLocation.framework */,
				94A97D3A0F452D610077E4E0 /* libxml2.dylib */,
				1DF5F4DF0D08C38300B7A737 /* UIKit.framework */,
				1D30AB110D05D00D00671497 /* Foundation.framework */,
				2892E40F0DC94CBA00A64D0F /* CoreGraphics.framework */,
			);
			name = Frameworks;
			sourceTree = "<group>";
		};
		5CA642350F6C698600B181AF /* images */ = {
			isa = PBXGroup;
			children = (
				94CC410D0F9EC0B900EFFEF1 /* ActionSheetShine.png */,
				5CADF4440F90F83A00690E94 /* marker.png */,
				943BD0BA0F76EBC100363DF2 /* busy_background.png */,
				943BD0BB0F76EBC100363DF2 /* SplashLogoHand.png */,
				943BD0BC0F76EBC100363DF2 /* SplashLogoBackground.png */,
				943BD0BD0F76EBC100363DF2 /* SplashLogo.png */,
				943BD0BE0F76EBC100363DF2 /* SplashBackground.png */,
				943BD0BF0F76EBC100363DF2 /* iPhoneSplashScreen.png */,
			);
			name = images;
			sourceTree = "<group>";
		};
		5CADF43D0F90F7E100690E94 /* MapView */ = {
			isa = PBXGroup;
			children = (
				94C3AE7E0F91452D00153859 /* MapWebView.m */,
				94C3AE7F0F91452D00153859 /* MapWebView.h */,
				94C3AE800F91452D00153859 /* MapViewConstants.h */,
				94C3AE810F91452D00153859 /* MapView.m */,
				94C3AE820F91452D00153859 /* MapView.h */,
			);
			name = MapView;
			sourceTree = "<group>";
		};
		943BD0970F76EB5000363DF2 /* TouchJSON */ = {
			isa = PBXGroup;
			children = (
				943BD0980F76EB5000363DF2 /* CDataScanner.h */,
				943BD0990F76EB5000363DF2 /* CDataScanner.m */,
				943BD09A0F76EB5000363DF2 /* Extensions */,
				943BD0A30F76EB5000363DF2 /* JSON */,
			);
			path = TouchJSON;
			sourceTree = "<group>";
		};
		943BD09A0F76EB5000363DF2 /* Extensions */ = {
			isa = PBXGroup;
			children = (
				943BD09B0F76EB5000363DF2 /* CDataScanner_Extensions.h */,
				943BD09C0F76EB5000363DF2 /* CDataScanner_Extensions.m */,
				943BD09D0F76EB5000363DF2 /* NSCharacterSet_Extensions.h */,
				943BD09E0F76EB5000363DF2 /* NSCharacterSet_Extensions.m */,
				943BD09F0F76EB5000363DF2 /* NSDictionary_JSONExtensions.h */,
				943BD0A00F76EB5000363DF2 /* NSDictionary_JSONExtensions.m */,
				943BD0A10F76EB5000363DF2 /* NSScanner_Extensions.h */,
				943BD0A20F76EB5000363DF2 /* NSScanner_Extensions.m */,
			);
			path = Extensions;
			sourceTree = "<group>";
		};
		943BD0A30F76EB5000363DF2 /* JSON */ = {
			isa = PBXGroup;
			children = (
				943BD0A40F76EB5000363DF2 /* CJSONDeserializer.h */,
				943BD0A50F76EB5000363DF2 /* CJSONDeserializer.m */,
				943BD0A60F76EB5000363DF2 /* CJSONScanner.h */,
				943BD0A70F76EB5000363DF2 /* CJSONScanner.m */,
				943BD0A80F76EB5000363DF2 /* CJSONSerializer.h */,
				943BD0A90F76EB5000363DF2 /* CJSONSerializer.m */,
			);
			path = JSON;
			sourceTree = "<group>";
		};
		943BD0B60F76EB7D00363DF2 /* GeoCoder */ = {
			isa = PBXGroup;
			children = (
				943BD0B20F76EB7900363DF2 /* GeoCoderConstants.h */,
				943BD0B30F76EB7900363DF2 /* GeoCoderClient.m */,
				943BD0B40F76EB7900363DF2 /* GeoCoderClient.h */,
			);
			name = GeoCoder;
			sourceTree = "<group>";
		};
		9455CA030F537D8200296B87 /* UI Classes */ = {
			isa = PBXGroup;
			children = (
				94C3AE850F91455000153859 /* MemoryTabViewController.m */,
				94C3AE860F91455000153859 /* MemoryTabViewController.h */,
				94BACFB40F5BBFF700FDACED /* ColorCache.h */,
				94BACFB50F5BBFF700FDACED /* ColorCache.m */,
				94BACFA40F5BBD5C00FDACED /* AttributeCell.h */,
				94BACFA50F5BBD5C00FDACED /* AttributeCell.m */,
				94DFFFA60F5A0ABF005D62B9 /* ActionsView.m */,
				94DFFFA50F5A0AB6005D62B9 /* ActionsView.h */,
				9455CA040F537DA600296B87 /* EventTableCell.h */,
				9455CA050F537DA600296B87 /* EventTableCell.m */,
				9483D93B0F5A184B00406DB3 /* EventDetailsHeaderCell.h */,
				9483D93C0F5A184B00406DB3 /* EventDetailsHeaderCell.m */,
				94ED9C280F5BAFC600F2697F /* EventDetailsTableViewController.h */,
				94ED9C290F5BAFC600F2697F /* EventDetailsTableViewController.m */,
				942E23BB0F5E107000C87AC1 /* MapViewController.h */,
				942E23BC0F5E107000C87AC1 /* MapViewController.m */,
				94F2B8550F943622004C7ECB /* SettingsViewController.h */,
				94F2B8560F943622004C7ECB /* SettingsViewController.m */,
				94CC40F60F9EB85900EFFEF1 /* RegisterConfirmationViewController.h */,
				94CC40F70F9EB85900EFFEF1 /* RegisterConfirmationViewController.m */,
			);
			name = "UI Classes";
			sourceTree = "<group>";
		};
		94A97BB50F4521A80077E4E0 /* REST Interaction */ = {
			isa = PBXGroup;
			children = (
				94A97BB60F4521D80077E4E0 /* RestClient.h */,
				94A97BB70F4521D80077E4E0 /* RestClient.m */,
				94A97C500F4526020077E4E0 /* RestClientDelegate.h */,
				94A97E2E0F48A37C0077E4E0 /* RestController.h */,
				94A97E2F0F48A37C0077E4E0 /* RestController.m */,
			);
			name = "REST Interaction";
			sourceTree = "<group>";
		};
		94AE8B550F859F78006AD78D /* Tab Icons */ = {
			isa = PBXGroup;
			children = (
				94AE8B560F859F8C006AD78D /* UpcomingIcon.png */,
				94AE8B570F859F8C006AD78D /* SettingsIcon.png */,
				94AE8B580F859F8C006AD78D /* MyEventsIcon.png */,
			);
			name = "Tab Icons";
			sourceTree = "<group>";
		};
		94BE56E80F4294E000A505F0 /* Data Model */ = {
			isa = PBXGroup;
			children = (
				9455C44C0F52165100296B87 /* Source.h */,
				9455C44D0F52165100296B87 /* Source.m */,
				9455C4420F5214FA00296B87 /* Contact.h */,
				9455C4430F5214FA00296B87 /* Contact.m */,
				94BE56E90F42954900A505F0 /* Event.h */,
				94BE56EA0F42954900A505F0 /* Event.m */,
				94BE570E0F4297F000A505F0 /* InterestArea.h */,
				94BE570F0F4297F000A505F0 /* InterestArea.m */,
				94BE57110F42988B00A505F0 /* Location.h */,
				94BE57120F42988B00A505F0 /* Location.m */,
				94BE57140F42992200A505F0 /* Organization.h */,
				94BE57150F42992200A505F0 /* Organization.m */,
				94BE571A0F42A03900A505F0 /* OrganizationTypes.h */,
				94BE571B0F42A03900A505F0 /* OrganizationTypes.m */,
				94BE574A0F42A42D00A505F0 /* iVolunteerData.h */,
				94BE574B0F42A42D00A505F0 /* iVolunteerData.m */,
				94A97B7E0F43890C0077E4E0 /* Data Model Plan */,
				94DFFC120F579B27005D62B9 /* ModelBase.h */,
				94DFFC130F579B27005D62B9 /* ModelBase.m */,
			);
			name = "Data Model";
			sourceTree = "<group>";
		};
		94BE574D0F42A4E000A505F0 /* Data Sources */ = {
			isa = PBXGroup;
			children = (
				94A97F1A0F48BBB20077E4E0 /* RootViewDataSourceProtocol.h */,
				94A97F230F48BD670077E4E0 /* EventsSortedByTimeDataSource.h */,
				94A97F240F48BD670077E4E0 /* EventsSortedByTimeDataSource.m */,
			);
			name = "Data Sources";
			sourceTree = "<group>";
		};
		94F862980F5CCD0C00986078 /* Button Images */ = {
			isa = PBXGroup;
			children = (
				94F8629E0F5CCD8B00986078 /* greenButton.png */,
				94F862920F5CCD0000986078 /* blueButton.png */,
				94F862940F5CCD0000986078 /* whiteButton.png */,
			);
			name = "Button Images";
			sourceTree = "<group>";
		};
/* End PBXGroup section */

/* Begin PBXNativeTarget section */
		1D6058900D05DD3D006BFB54 /* iVolunteer */ = {
			isa = PBXNativeTarget;
			buildConfigurationList = 1D6058960D05DD3E006BFB54 /* Build configuration list for PBXNativeTarget "iVolunteer" */;
			buildPhases = (
				1D60588D0D05DD3D006BFB54 /* Resources */,
				1D60588E0D05DD3D006BFB54 /* Sources */,
				1D60588F0D05DD3D006BFB54 /* Frameworks */,
			);
			buildRules = (
			);
			dependencies = (
			);
			name = iVolunteer;
			productName = iPhone;
			productReference = 1D6058910D05DD3D006BFB54 /* iVolunteer.app */;
			productType = "com.apple.product-type.application";
		};
/* End PBXNativeTarget section */

/* Begin PBXProject section */
		29B97313FDCFA39411CA2CEA /* Project object */ = {
			isa = PBXProject;
			buildConfigurationList = C01FCF4E08A954540054247B /* Build configuration list for PBXProject "iPhone" */;
			compatibilityVersion = "Xcode 3.1";
			hasScannedForEncodings = 1;
			knownRegions = (
				English,
				Japanese,
				French,
				German,
				en,
			);
			mainGroup = 29B97314FDCFA39411CA2CEA /* CustomTemplate */;
			projectDirPath = "";
			projectRoot = "";
			targets = (
				1D6058900D05DD3D006BFB54 /* iVolunteer */,
			);
		};
/* End PBXProject section */

/* Begin PBXResourcesBuildPhase section */
		1D60588D0D05DD3D006BFB54 /* Resources */ = {
			isa = PBXResourcesBuildPhase;
			buildActionMask = 2147483647;
			files = (
				28AD73600D9D9599002E5188 /* MainWindow.xib in Resources */,
				2899E5600DE3E45000AC0155 /* RootViewController.xib in Resources */,
				94A97B7F0F43890C0077E4E0 /* Data Model Plan in Resources */,
				9455CA5B0F539EA800296B87 /* EventTableCell.xib in Resources */,
				9465B4830F5A25FC00B0F926 /* EventDetailsHeaderCell.xib in Resources */,
				940875410F5C965C0037C286 /* Entitlements.plist in Resources */,
				94F862950F5CCD0000986078 /* blueButton.png in Resources */,
				94F862970F5CCD0000986078 /* whiteButton.png in Resources */,
				94F8629F0F5CCD8B00986078 /* greenButton.png in Resources */,
				942E23BF0F5E109400C87AC1 /* MapView.xib in Resources */,
				5C8418780F6F538200BBEACC /* Default.png in Resources */,
				943BD0C00F76EBC100363DF2 /* busy_background.png in Resources */,
				943BD0C10F76EBC100363DF2 /* SplashLogoHand.png in Resources */,
				943BD0C20F76EBC100363DF2 /* SplashLogoBackground.png in Resources */,
				943BD0C30F76EBC100363DF2 /* SplashLogo.png in Resources */,
				943BD0C40F76EBC100363DF2 /* SplashBackground.png in Resources */,
				943BD0C50F76EBC100363DF2 /* iPhoneSplashScreen.png in Resources */,
				9456EBBE0F8311D900653FEC /* Icon.png in Resources */,
				94AE8B590F859F8C006AD78D /* UpcomingIcon.png in Resources */,
				94AE8B5A0F859F8C006AD78D /* SettingsIcon.png in Resources */,
				94AE8B5B0F859F8C006AD78D /* MyEventsIcon.png in Resources */,
				5CADF4450F90F83A00690E94 /* marker.png in Resources */,
				94CC41050F9EBD7900EFFEF1 /* RegisterConfirmationView.xib in Resources */,
				94CC410E0F9EC0B900EFFEF1 /* ActionSheetShine.png in Resources */,
			);
			runOnlyForDeploymentPostprocessing = 0;
		};
/* End PBXResourcesBuildPhase section */

/* Begin PBXSourcesBuildPhase section */
		1D60588E0D05DD3D006BFB54 /* Sources */ = {
			isa = PBXSourcesBuildPhase;
			buildActionMask = 2147483647;
			files = (
				1D60589B0D05DD56006BFB54 /* main.m in Sources */,
				1D3623260D0F684500981E51 /* iPhoneAppDelegate.m in Sources */,
				28C286E10D94DF7D0034E888 /* ProjectViewController.m in Sources */,
				E1DDD40F0EAAD73F006CA155 /* SplashViewController.m in Sources */,
				E1DDD4110EAAD74E006CA155 /* SplashView.xib in Sources */,
				94BE56EB0F42954900A505F0 /* Event.m in Sources */,
				94BE57100F4297F000A505F0 /* InterestArea.m in Sources */,
				94BE57130F42988B00A505F0 /* Location.m in Sources */,
				94BE57160F42992200A505F0 /* Organization.m in Sources */,
				94BE571C0F42A03900A505F0 /* OrganizationTypes.m in Sources */,
				94BE574C0F42A42D00A505F0 /* iVolunteerData.m in Sources */,
				94A97BB80F4521D80077E4E0 /* RestClient.m in Sources */,
				94A97E300F48A37C0077E4E0 /* RestController.m in Sources */,
				94A97F250F48BD670077E4E0 /* EventsSortedByTimeDataSource.m in Sources */,
				9455C4440F5214FA00296B87 /* Contact.m in Sources */,
				9455C44E0F52165100296B87 /* Source.m in Sources */,
				9455C6110F5258DE00296B87 /* DateUtilities.m in Sources */,
				9455CA060F537DA600296B87 /* EventTableCell.m in Sources */,
				94DFFC140F579B27005D62B9 /* ModelBase.m in Sources */,
				94DFFFA70F5A0ABF005D62B9 /* ActionsView.m in Sources */,
				9483D93D0F5A184B00406DB3 /* EventDetailsHeaderCell.m in Sources */,
				94ED9C2A0F5BAFC600F2697F /* EventDetailsTableViewController.m in Sources */,
				94BACFA60F5BBD5C00FDACED /* AttributeCell.m in Sources */,
				94BACFB60F5BBFF700FDACED /* ColorCache.m in Sources */,
				942E23BD0F5E107000C87AC1 /* MapViewController.m in Sources */,
				943BD0AA0F76EB5000363DF2 /* CDataScanner.m in Sources */,
				943BD0AB0F76EB5000363DF2 /* CDataScanner_Extensions.m in Sources */,
				943BD0AC0F76EB5000363DF2 /* NSCharacterSet_Extensions.m in Sources */,
				943BD0AD0F76EB5000363DF2 /* NSDictionary_JSONExtensions.m in Sources */,
				943BD0AE0F76EB5000363DF2 /* NSScanner_Extensions.m in Sources */,
				943BD0AF0F76EB5000363DF2 /* CJSONDeserializer.m in Sources */,
				943BD0B00F76EB5000363DF2 /* CJSONScanner.m in Sources */,
				943BD0B10F76EB5000363DF2 /* CJSONSerializer.m in Sources */,
				943BD0B50F76EB7900363DF2 /* GeoCoderClient.m in Sources */,
				94C3AE830F91452D00153859 /* MapWebView.m in Sources */,
				94C3AE840F91452D00153859 /* MapView.m in Sources */,
				94C3AE870F91455000153859 /* MemoryTabViewController.m in Sources */,
				94F2B8570F943622004C7ECB /* SettingsViewController.m in Sources */,
				94CC40F80F9EB85900EFFEF1 /* RegisterConfirmationViewController.m in Sources */,
			);
			runOnlyForDeploymentPostprocessing = 0;
		};
/* End PBXSourcesBuildPhase section */

/* Begin XCBuildConfiguration section */
		1D6058940D05DD3E006BFB54 /* Debug */ = {
			isa = XCBuildConfiguration;
			buildSettings = {
				ADDITIONAL_SDKS = "";
				ALWAYS_SEARCH_USER_PATHS = YES;
				CODE_SIGN_ENTITLEMENTS = Entitlements.plist;
				CODE_SIGN_IDENTITY = "iPhone Developer: Ryan Schneider";
				"CODE_SIGN_IDENTITY[sdk=iphoneos*]" = "iPhone Developer: Ryan Schneider";
				COPY_PHASE_STRIP = NO;
				FRAMEWORK_SEARCH_PATHS = "$(inherited)";
				GCC_DYNAMIC_NO_PIC = NO;
				GCC_ENABLE_OBJC_GC = unsupported;
				GCC_ENABLE_TRIGRAPHS = NO;
				GCC_OPTIMIZATION_LEVEL = 0;
				GCC_PRECOMPILE_PREFIX_HEADER = YES;
				GCC_PREFIX_HEADER = iPhone_Prefix.pch;
				GCC_USE_GCC3_PFE_SUPPORT = NO;
				GCC_VERSION = 4.0;
				INFOPLIST_FILE = Info.plist;
				IPHONEOS_DEPLOYMENT_TARGET = 2.1;
				LIBRARY_SEARCH_PATHS = "$(inherited)";
				PRODUCT_NAME = iVolunteer;
				PROVISIONING_PROFILE = "8250803D-5C4E-425F-B7E6-3E8B1EE77AD6";
				"PROVISIONING_PROFILE[sdk=iphoneos*]" = "8250803D-5C4E-425F-B7E6-3E8B1EE77AD6";
				SDKROOT = iphoneos2.1;
			};
			name = Debug;
		};
		1D6058950D05DD3E006BFB54 /* Release */ = {
			isa = XCBuildConfiguration;
			buildSettings = {
				ADDITIONAL_SDKS = "";
				ALWAYS_SEARCH_USER_PATHS = YES;
				CODE_SIGN_ENTITLEMENTS = Entitlements.plist;
				CODE_SIGN_IDENTITY = "iPhone Developer: Ryan Schneider";
				"CODE_SIGN_IDENTITY[sdk=iphoneos*]" = "iPhone Developer: Ryan Schneider";
				COPY_PHASE_STRIP = YES;
				FRAMEWORK_SEARCH_PATHS = "$(inherited)";
				GCC_DYNAMIC_NO_PIC = YES;
				GCC_ENABLE_OBJC_GC = unsupported;
				GCC_ENABLE_TRIGRAPHS = NO;
				GCC_PRECOMPILE_PREFIX_HEADER = YES;
				GCC_PREFIX_HEADER = iPhone_Prefix.pch;
				GCC_USE_GCC3_PFE_SUPPORT = NO;
				GCC_VERSION = 4.0;
				INFOPLIST_FILE = Info.plist;
				IPHONEOS_DEPLOYMENT_TARGET = 2.1;
				LIBRARY_SEARCH_PATHS = "$(inherited)";
				PRODUCT_NAME = iVolunteer;
				PROVISIONING_PROFILE = "8250803D-5C4E-425F-B7E6-3E8B1EE77AD6";
				"PROVISIONING_PROFILE[sdk=iphoneos*]" = "8250803D-5C4E-425F-B7E6-3E8B1EE77AD6";
				SDKROOT = iphoneos2.1;
			};
			name = Release;
		};
		C01FCF4F08A954540054247B /* Debug */ = {
			isa = XCBuildConfiguration;
			buildSettings = {
				ADDITIONAL_SDKS = "$HOME/Library/SDKs/JSON/$(PLATFORM_NAME).sdk";
				ARCHS = "$(ARCHS_STANDARD_32_BIT)";
				CODE_SIGN_IDENTITY = "iPhone Developer: Hassan Abdel-Rahman";
				"CODE_SIGN_IDENTITY[sdk=iphoneos*]" = "iPhone Developer: Hassan Abdel-Rahman";
				GCC_C_LANGUAGE_STANDARD = c99;
				GCC_WARN_ABOUT_RETURN_TYPE = YES;
				GCC_WARN_UNUSED_VARIABLE = YES;
				ONLY_ACTIVE_ARCH = YES;
				PREBINDING = NO;
				PROVISIONING_PROFILE = "057718CE-D815-4DEB-8921-21EEAC528F70";
				"PROVISIONING_PROFILE[sdk=iphoneos*]" = "057718CE-D815-4DEB-8921-21EEAC528F70";
				SDKROOT = iphoneos2.1;
			};
			name = Debug;
		};
		C01FCF5008A954540054247B /* Release */ = {
			isa = XCBuildConfiguration;
			buildSettings = {
				ADDITIONAL_SDKS = "$HOME/Library/SDKs/JSON/$(PLATFORM_NAME).sdk";
				ARCHS = "$(ARCHS_STANDARD_32_BIT)";
				CODE_SIGN_IDENTITY = "iPhone Developer: Hassan Abdel-Rahman";
				"CODE_SIGN_IDENTITY[sdk=iphoneos*]" = "iPhone Developer: Hassan Abdel-Rahman";
				GCC_C_LANGUAGE_STANDARD = c99;
				GCC_WARN_ABOUT_RETURN_TYPE = YES;
				GCC_WARN_UNUSED_VARIABLE = YES;
				PREBINDING = NO;
				PROVISIONING_PROFILE = "057718CE-D815-4DEB-8921-21EEAC528F70";
				"PROVISIONING_PROFILE[sdk=iphoneos*]" = "057718CE-D815-4DEB-8921-21EEAC528F70";
				SDKROOT = iphoneos2.1;
			};
			name = Release;
		};
/* End XCBuildConfiguration section */

/* Begin XCConfigurationList section */
		1D6058960D05DD3E006BFB54 /* Build configuration list for PBXNativeTarget "iVolunteer" */ = {
			isa = XCConfigurationList;
			buildConfigurations = (
				1D6058940D05DD3E006BFB54 /* Debug */,
				1D6058950D05DD3E006BFB54 /* Release */,
			);
			defaultConfigurationIsVisible = 0;
			defaultConfigurationName = Release;
		};
		C01FCF4E08A954540054247B /* Build configuration list for PBXProject "iPhone" */ = {
			isa = XCConfigurationList;
			buildConfigurations = (
				C01FCF4F08A954540054247B /* Debug */,
				C01FCF5008A954540054247B /* Release */,
			);
			defaultConfigurationIsVisible = 0;
			defaultConfigurationName = Release;
		};
/* End XCConfigurationList section */
	};
	rootObject = 29B97313FDCFA39411CA2CEA /* Project object */;
}
